
Microsoft Visual Studio Solution File, Format Version 12.00
# Visual Studio Version 17
VisualStudioVersion = 17.3.32929.385
MinimumVisualStudioVersion = 10.0.40219.1
Project("{9A19103F-16F7-4668-BE54-9A1E7A4F7556}") = "LinkUp.Core", "LinkUp.Core.csproj", "{52BED45A-C43D-4516-BA0F-05E4A84D6C8D}"
EndProject
Project("{9A19103F-16F7-4668-BE54-9A1E7A4F7556}") = "Linkup.Services", "..\LinkUp.Services\Linkup.Services.csproj", "{582ACFBC-0685-43EF-B36F-E77D1DF67DAE}"
EndProject
Global
	GlobalSection(SolutionConfigurationPlatforms) = preSolution
		Debug|Any CPU = Debug|Any CPU
		Release|Any CPU = Release|Any CPU
	EndGlobalSection
	GlobalSection(ProjectConfigurationPlatforms) = postSolution
		{52BED45A-C43D-4516-BA0F-05E4A84D6C8D}.Debug|Any CPU.ActiveCfg = Debug|Any CPU
		{52BED45A-C43D-4516-BA0F-05E4A84D6C8D}.Debug|Any CPU.Build.0 = Debug|Any CPU
		{52BED45A-C43D-4516-BA0F-05E4A84D6C8D}.Release|Any CPU.ActiveCfg = Release|Any CPU
		{52BED45A-C43D-4516-BA0F-05E4A84D6C8D}.Release|Any CPU.Build.0 = Release|Any CPU
		{582ACFBC-0685-43EF-B36F-E77D1DF67DAE}.Debug|Any CPU.ActiveCfg = Debug|Any CPU
		{582ACFBC-0685-43EF-B36F-E77D1DF67DAE}.Debug|Any CPU.Build.0 = Debug|Any CPU
		{582ACFBC-0685-43EF-B36F-E77D1DF67DAE}.Release|Any CPU.ActiveCfg = Release|Any CPU
		{582ACFBC-0685-43EF-B36F-E77D1DF67DAE}.Release|Any CPU.Build.0 = Release|Any CPU
	EndGlobalSection
	GlobalSection(SolutionProperties) = preSolution
		HideSolutionNode = FALSE
	EndGlobalSection
	GlobalSection(ExtensibilityGlobals) = postSolution
		SolutionGuid = {087965F5-7A3E-4129-9693-3E4589FD71BD}
	EndGlobalSection
EndGlobal
